// !$*UTF8*$!
{
	archiveVersion = 1;
	classes = {
	};
	objectVersion = 56;
	objects = {

/* Begin PBXBuildFile section */
		21849B552BC0EC2700509724 /* MapViewController.swift in Sources */ = {isa = PBXBuildFile; fileRef = 21849B542BC0EC2700509724 /* MapViewController.swift */; };
		21849B582BC0EC8600509724 /* CustomPresentationController.swift in Sources */ = {isa = PBXBuildFile; fileRef = 21849B572BC0EC8600509724 /* CustomPresentationController.swift */; };
		21849B5C2BC0ED5A00509724 /* MapView.swift in Sources */ = {isa = PBXBuildFile; fileRef = 21849B5B2BC0ED5A00509724 /* MapView.swift */; };
		21849B5E2BC0EDB500509724 /* LocationManager.swift in Sources */ = {isa = PBXBuildFile; fileRef = 21849B5D2BC0EDB500509724 /* LocationManager.swift */; };
		21849B602BC0EDDA00509724 /* MapAnnotationDelegate.swift in Sources */ = {isa = PBXBuildFile; fileRef = 21849B5F2BC0EDDA00509724 /* MapAnnotationDelegate.swift */; };
		21849B622BC0EE0700509724 /* Configs.swift in Sources */ = {isa = PBXBuildFile; fileRef = 21849B612BC0EE0700509724 /* Configs.swift */; };
		21849B642BC0EE2000509724 /* NotificationNames.swift in Sources */ = {isa = PBXBuildFile; fileRef = 21849B632BC0EE2000509724 /* NotificationNames.swift */; };
		21849B662BC0EE4300509724 /* LoadPlaces.swift in Sources */ = {isa = PBXBuildFile; fileRef = 21849B652BC0EE4300509724 /* LoadPlaces.swift */; };
		21849B682BC0EE7900509724 /* Place.swift in Sources */ = {isa = PBXBuildFile; fileRef = 21849B672BC0EE7800509724 /* Place.swift */; };
		21849B6A2BC0EF6200509724 /* SearchTableViewCell.swift in Sources */ = {isa = PBXBuildFile; fileRef = 21849B692BC0EF6200509724 /* SearchTableViewCell.swift */; };
		21849B6C2BC0EF8D00509724 /* SearchBottomSheet.swift in Sources */ = {isa = PBXBuildFile; fileRef = 21849B6B2BC0EF8D00509724 /* SearchBottomSheet.swift */; };
		21849B6E2BC0EFB700509724 /* SearchViewController.swift in Sources */ = {isa = PBXBuildFile; fileRef = 21849B6D2BC0EFB700509724 /* SearchViewController.swift */; };
		21849B702BC0EFE000509724 /* SearchTableViewManager.swift in Sources */ = {isa = PBXBuildFile; fileRef = 21849B6F2BC0EFE000509724 /* SearchTableViewManager.swift */; };
		3F56DFFC2BC0D4050083FBB6 /* Utilities.swift in Sources */ = {isa = PBXBuildFile; fileRef = 3F56DFFB2BC0D4050083FBB6 /* Utilities.swift */; };
		3F7F85DE2BBDEB2200C67E00 /* LoginScreenView.swift in Sources */ = {isa = PBXBuildFile; fileRef = 3F7F85DD2BBDEB2100C67E00 /* LoginScreenView.swift */; };
		3F7F85E02BBDEB4200C67E00 /* LoginViewController.swift in Sources */ = {isa = PBXBuildFile; fileRef = 3F7F85DF2BBDEB4200C67E00 /* LoginViewController.swift */; };
		3F7F85E22BBDEB6700C67E00 /* RegisterUserViewController.swift in Sources */ = {isa = PBXBuildFile; fileRef = 3F7F85E12BBDEB6700C67E00 /* RegisterUserViewController.swift */; };
		3F7F85E42BBDEB7600C67E00 /* RegisterUserView.swift in Sources */ = {isa = PBXBuildFile; fileRef = 3F7F85E32BBDEB7600C67E00 /* RegisterUserView.swift */; };
		3F7F85E62BBDED0600C67E00 /* GoogleService-Info.plist in Resources */ = {isa = PBXBuildFile; fileRef = 3F7F85E52BBDED0600C67E00 /* GoogleService-Info.plist */; };
		3F7F85E92BBDEE1B00C67E00 /* FirebaseAuth in Frameworks */ = {isa = PBXBuildFile; productRef = 3F7F85E82BBDEE1B00C67E00 /* FirebaseAuth */; };
		3F7F85EB2BBDEE1B00C67E00 /* FirebaseFirestore in Frameworks */ = {isa = PBXBuildFile; productRef = 3F7F85EA2BBDEE1B00C67E00 /* FirebaseFirestore */; };
		3F7F85ED2BBDEE1B00C67E00 /* FirebaseFirestoreSwift in Frameworks */ = {isa = PBXBuildFile; productRef = 3F7F85EC2BBDEE1B00C67E00 /* FirebaseFirestoreSwift */; };
		3F7F85EF2BBDEE1B00C67E00 /* FirebaseInstallations in Frameworks */ = {isa = PBXBuildFile; productRef = 3F7F85EE2BBDEE1B00C67E00 /* FirebaseInstallations */; };
		3F7F85F12BBDEE1B00C67E00 /* FirebaseStorage in Frameworks */ = {isa = PBXBuildFile; productRef = 3F7F85F02BBDEE1B00C67E00 /* FirebaseStorage */; };
		3F7F85F52BBDEEA500C67E00 /* ProgressSpinnerViewController.swift in Sources */ = {isa = PBXBuildFile; fileRef = 3F7F85F42BBDEEA500C67E00 /* ProgressSpinnerViewController.swift */; };
		3F7F85F72BBDEED400C67E00 /* ProgressSpinnerDelegate.swift in Sources */ = {isa = PBXBuildFile; fileRef = 3F7F85F62BBDEED400C67E00 /* ProgressSpinnerDelegate.swift */; };
		3F9A1F232BAF5AD200DBE7A7 /* AppDelegate.swift in Sources */ = {isa = PBXBuildFile; fileRef = 3F9A1F222BAF5AD200DBE7A7 /* AppDelegate.swift */; };
		3F9A1F252BAF5AD200DBE7A7 /* SceneDelegate.swift in Sources */ = {isa = PBXBuildFile; fileRef = 3F9A1F242BAF5AD200DBE7A7 /* SceneDelegate.swift */; };
		3F9A1F2A2BAF5AD200DBE7A7 /* Main.storyboard in Resources */ = {isa = PBXBuildFile; fileRef = 3F9A1F282BAF5AD200DBE7A7 /* Main.storyboard */; };
		3F9A1F2C2BAF5AD400DBE7A7 /* Assets.xcassets in Resources */ = {isa = PBXBuildFile; fileRef = 3F9A1F2B2BAF5AD400DBE7A7 /* Assets.xcassets */; };
		3F9A1F2F2BAF5AD400DBE7A7 /* LaunchScreen.storyboard in Resources */ = {isa = PBXBuildFile; fileRef = 3F9A1F2D2BAF5AD400DBE7A7 /* LaunchScreen.storyboard */; };
		3F9F7F362BC194A700F357BE /* CreateOrderController.swift in Sources */ = {isa = PBXBuildFile; fileRef = 3F9F7F342BC194A700F357BE /* CreateOrderController.swift */; };
		3F9F7F372BC194A700F357BE /* CreateOrderView.swift in Sources */ = {isa = PBXBuildFile; fileRef = 3F9F7F352BC194A700F357BE /* CreateOrderView.swift */; };
		3F9F7F3C2BC194BA00F357BE /* ViewController.swift in Sources */ = {isa = PBXBuildFile; fileRef = 3F9F7F392BC194BA00F357BE /* ViewController.swift */; };
		3F9F7F3D2BC194BA00F357BE /* OrdersTableViewCell.swift in Sources */ = {isa = PBXBuildFile; fileRef = 3F9F7F3A2BC194BA00F357BE /* OrdersTableViewCell.swift */; };
		3F9F7F3E2BC194BA00F357BE /* OrdersListView.swift in Sources */ = {isa = PBXBuildFile; fileRef = 3F9F7F3B2BC194BA00F357BE /* OrdersListView.swift */; };
		3F9F7F422BC194D800F357BE /* OrderDetailsController.swift in Sources */ = {isa = PBXBuildFile; fileRef = 3F9F7F402BC194D800F357BE /* OrderDetailsController.swift */; };
		3F9F7F432BC194D800F357BE /* OrderDetailsView.swift in Sources */ = {isa = PBXBuildFile; fileRef = 3F9F7F412BC194D800F357BE /* OrderDetailsView.swift */; };
		EFFCBA312BC5E18600CEB629 /* IndividualOrder.swift in Sources */ = {isa = PBXBuildFile; fileRef = EFFCBA302BC5E18600CEB629 /* IndividualOrder.swift */; };
		EFFCBA332BC612EE00CEB629 /* IndividualOrderDetails.swift in Sources */ = {isa = PBXBuildFile; fileRef = EFFCBA322BC612EE00CEB629 /* IndividualOrderDetails.swift */; };
		EFFCBA372BC9C0B800CEB629 /* UploadOrder.swift in Sources */ = {isa = PBXBuildFile; fileRef = EFFCBA362BC9C0B800CEB629 /* UploadOrder.swift */; };
		EFFCBA392BC9F94300CEB629 /* CreateOrderFirebaseManager.swift in Sources */ = {isa = PBXBuildFile; fileRef = EFFCBA382BC9F94300CEB629 /* CreateOrderFirebaseManager.swift */; };
		EFFCBA3B2BCA095900CEB629 /* ImageViewUtils.swift in Sources */ = {isa = PBXBuildFile; fileRef = EFFCBA3A2BCA095900CEB629 /* ImageViewUtils.swift */; };
/* End PBXBuildFile section */

/* Begin PBXFileReference section */
		21849B542BC0EC2700509724 /* MapViewController.swift */ = {isa = PBXFileReference; lastKnownFileType = sourcecode.swift; path = MapViewController.swift; sourceTree = "<group>"; };
		21849B572BC0EC8600509724 /* CustomPresentationController.swift */ = {isa = PBXFileReference; lastKnownFileType = sourcecode.swift; path = CustomPresentationController.swift; sourceTree = "<group>"; };
		21849B5B2BC0ED5A00509724 /* MapView.swift */ = {isa = PBXFileReference; lastKnownFileType = sourcecode.swift; path = MapView.swift; sourceTree = "<group>"; };
		21849B5D2BC0EDB500509724 /* LocationManager.swift */ = {isa = PBXFileReference; lastKnownFileType = sourcecode.swift; path = LocationManager.swift; sourceTree = "<group>"; };
		21849B5F2BC0EDDA00509724 /* MapAnnotationDelegate.swift */ = {isa = PBXFileReference; lastKnownFileType = sourcecode.swift; path = MapAnnotationDelegate.swift; sourceTree = "<group>"; };
		21849B612BC0EE0700509724 /* Configs.swift */ = {isa = PBXFileReference; lastKnownFileType = sourcecode.swift; path = Configs.swift; sourceTree = "<group>"; };
		21849B632BC0EE2000509724 /* NotificationNames.swift */ = {isa = PBXFileReference; lastKnownFileType = sourcecode.swift; path = NotificationNames.swift; sourceTree = "<group>"; };
		21849B652BC0EE4300509724 /* LoadPlaces.swift */ = {isa = PBXFileReference; lastKnownFileType = sourcecode.swift; path = LoadPlaces.swift; sourceTree = "<group>"; };
		21849B672BC0EE7800509724 /* Place.swift */ = {isa = PBXFileReference; lastKnownFileType = sourcecode.swift; path = Place.swift; sourceTree = "<group>"; };
		21849B692BC0EF6200509724 /* SearchTableViewCell.swift */ = {isa = PBXFileReference; lastKnownFileType = sourcecode.swift; path = SearchTableViewCell.swift; sourceTree = "<group>"; };
		21849B6B2BC0EF8D00509724 /* SearchBottomSheet.swift */ = {isa = PBXFileReference; lastKnownFileType = sourcecode.swift; path = SearchBottomSheet.swift; sourceTree = "<group>"; };
		21849B6D2BC0EFB700509724 /* SearchViewController.swift */ = {isa = PBXFileReference; lastKnownFileType = sourcecode.swift; path = SearchViewController.swift; sourceTree = "<group>"; };
		21849B6F2BC0EFE000509724 /* SearchTableViewManager.swift */ = {isa = PBXFileReference; lastKnownFileType = sourcecode.swift; path = SearchTableViewManager.swift; sourceTree = "<group>"; };
		3F56DFFB2BC0D4050083FBB6 /* Utilities.swift */ = {isa = PBXFileReference; lastKnownFileType = sourcecode.swift; path = Utilities.swift; sourceTree = "<group>"; };
		3F7F85DD2BBDEB2100C67E00 /* LoginScreenView.swift */ = {isa = PBXFileReference; lastKnownFileType = sourcecode.swift; path = LoginScreenView.swift; sourceTree = "<group>"; };
		3F7F85DF2BBDEB4200C67E00 /* LoginViewController.swift */ = {isa = PBXFileReference; lastKnownFileType = sourcecode.swift; path = LoginViewController.swift; sourceTree = "<group>"; };
		3F7F85E12BBDEB6700C67E00 /* RegisterUserViewController.swift */ = {isa = PBXFileReference; lastKnownFileType = sourcecode.swift; path = RegisterUserViewController.swift; sourceTree = "<group>"; };
		3F7F85E32BBDEB7600C67E00 /* RegisterUserView.swift */ = {isa = PBXFileReference; lastKnownFileType = sourcecode.swift; path = RegisterUserView.swift; sourceTree = "<group>"; };
		3F7F85E52BBDED0600C67E00 /* GoogleService-Info.plist */ = {isa = PBXFileReference; fileEncoding = 4; lastKnownFileType = text.plist.xml; path = "GoogleService-Info.plist"; sourceTree = "<group>"; };
		3F7F85F42BBDEEA500C67E00 /* ProgressSpinnerViewController.swift */ = {isa = PBXFileReference; lastKnownFileType = sourcecode.swift; path = ProgressSpinnerViewController.swift; sourceTree = "<group>"; };
		3F7F85F62BBDEED400C67E00 /* ProgressSpinnerDelegate.swift */ = {isa = PBXFileReference; lastKnownFileType = sourcecode.swift; path = ProgressSpinnerDelegate.swift; sourceTree = "<group>"; };
		3F9A1F1F2BAF5AD200DBE7A7 /* Medlivery.app */ = {isa = PBXFileReference; explicitFileType = wrapper.application; includeInIndex = 0; path = Medlivery.app; sourceTree = BUILT_PRODUCTS_DIR; };
		3F9A1F222BAF5AD200DBE7A7 /* AppDelegate.swift */ = {isa = PBXFileReference; lastKnownFileType = sourcecode.swift; path = AppDelegate.swift; sourceTree = "<group>"; };
		3F9A1F242BAF5AD200DBE7A7 /* SceneDelegate.swift */ = {isa = PBXFileReference; lastKnownFileType = sourcecode.swift; path = SceneDelegate.swift; sourceTree = "<group>"; };
		3F9A1F292BAF5AD200DBE7A7 /* Base */ = {isa = PBXFileReference; lastKnownFileType = file.storyboard; name = Base; path = Base.lproj/Main.storyboard; sourceTree = "<group>"; };
		3F9A1F2B2BAF5AD400DBE7A7 /* Assets.xcassets */ = {isa = PBXFileReference; lastKnownFileType = folder.assetcatalog; path = Assets.xcassets; sourceTree = "<group>"; };
		3F9A1F2E2BAF5AD400DBE7A7 /* Base */ = {isa = PBXFileReference; lastKnownFileType = file.storyboard; name = Base; path = Base.lproj/LaunchScreen.storyboard; sourceTree = "<group>"; };
		3F9A1F302BAF5AD400DBE7A7 /* Info.plist */ = {isa = PBXFileReference; lastKnownFileType = text.plist.xml; path = Info.plist; sourceTree = "<group>"; };
		3F9F7F342BC194A700F357BE /* CreateOrderController.swift */ = {isa = PBXFileReference; fileEncoding = 4; lastKnownFileType = sourcecode.swift; path = CreateOrderController.swift; sourceTree = "<group>"; };
		3F9F7F352BC194A700F357BE /* CreateOrderView.swift */ = {isa = PBXFileReference; fileEncoding = 4; lastKnownFileType = sourcecode.swift; path = CreateOrderView.swift; sourceTree = "<group>"; };
		3F9F7F392BC194BA00F357BE /* ViewController.swift */ = {isa = PBXFileReference; fileEncoding = 4; lastKnownFileType = sourcecode.swift; path = ViewController.swift; sourceTree = "<group>"; };
		3F9F7F3A2BC194BA00F357BE /* OrdersTableViewCell.swift */ = {isa = PBXFileReference; fileEncoding = 4; lastKnownFileType = sourcecode.swift; path = OrdersTableViewCell.swift; sourceTree = "<group>"; };
		3F9F7F3B2BC194BA00F357BE /* OrdersListView.swift */ = {isa = PBXFileReference; fileEncoding = 4; lastKnownFileType = sourcecode.swift; path = OrdersListView.swift; sourceTree = "<group>"; };
		3F9F7F402BC194D800F357BE /* OrderDetailsController.swift */ = {isa = PBXFileReference; fileEncoding = 4; lastKnownFileType = sourcecode.swift; path = OrderDetailsController.swift; sourceTree = "<group>"; };
		3F9F7F412BC194D800F357BE /* OrderDetailsView.swift */ = {isa = PBXFileReference; fileEncoding = 4; lastKnownFileType = sourcecode.swift; path = OrderDetailsView.swift; sourceTree = "<group>"; };
		EFFCBA302BC5E18600CEB629 /* IndividualOrder.swift */ = {isa = PBXFileReference; lastKnownFileType = sourcecode.swift; path = IndividualOrder.swift; sourceTree = "<group>"; };
		EFFCBA322BC612EE00CEB629 /* IndividualOrderDetails.swift */ = {isa = PBXFileReference; lastKnownFileType = sourcecode.swift; path = IndividualOrderDetails.swift; sourceTree = "<group>"; };
		EFFCBA362BC9C0B800CEB629 /* UploadOrder.swift */ = {isa = PBXFileReference; lastKnownFileType = sourcecode.swift; path = UploadOrder.swift; sourceTree = "<group>"; };
		EFFCBA382BC9F94300CEB629 /* CreateOrderFirebaseManager.swift */ = {isa = PBXFileReference; lastKnownFileType = sourcecode.swift; path = CreateOrderFirebaseManager.swift; sourceTree = "<group>"; };
		EFFCBA3A2BCA095900CEB629 /* ImageViewUtils.swift */ = {isa = PBXFileReference; lastKnownFileType = sourcecode.swift; path = ImageViewUtils.swift; sourceTree = "<group>"; };
/* End PBXFileReference section */

/* Begin PBXFrameworksBuildPhase section */
		3F9A1F1C2BAF5AD200DBE7A7 /* Frameworks */ = {
			isa = PBXFrameworksBuildPhase;
			buildActionMask = 2147483647;
			files = (
				3F7F85E92BBDEE1B00C67E00 /* FirebaseAuth in Frameworks */,
				3F7F85EB2BBDEE1B00C67E00 /* FirebaseFirestore in Frameworks */,
				3F7F85ED2BBDEE1B00C67E00 /* FirebaseFirestoreSwift in Frameworks */,
				3F7F85F12BBDEE1B00C67E00 /* FirebaseStorage in Frameworks */,
				3F7F85EF2BBDEE1B00C67E00 /* FirebaseInstallations in Frameworks */,
			);
			runOnlyForDeploymentPostprocessing = 0;
		};
/* End PBXFrameworksBuildPhase section */

/* Begin PBXGroup section */
		21849B562BC0EC3200509724 /* Map Screen */ = {
			isa = PBXGroup;
			children = (
				21849B542BC0EC2700509724 /* MapViewController.swift */,
				21849B572BC0EC8600509724 /* CustomPresentationController.swift */,
				21849B5B2BC0ED5A00509724 /* MapView.swift */,
				21849B5D2BC0EDB500509724 /* LocationManager.swift */,
				21849B5F2BC0EDDA00509724 /* MapAnnotationDelegate.swift */,
				21849B652BC0EE4300509724 /* LoadPlaces.swift */,
				21849B672BC0EE7800509724 /* Place.swift */,
				21849B692BC0EF6200509724 /* SearchTableViewCell.swift */,
				21849B6B2BC0EF8D00509724 /* SearchBottomSheet.swift */,
				21849B6D2BC0EFB700509724 /* SearchViewController.swift */,
				21849B6F2BC0EFE000509724 /* SearchTableViewManager.swift */,
			);
			path = "Map Screen";
			sourceTree = "<group>";
		};
		3F7F85F82BBDEF0300C67E00 /* LoginScreen */ = {
			isa = PBXGroup;
			children = (
				3F7F85DD2BBDEB2100C67E00 /* LoginScreenView.swift */,
				3F7F85DF2BBDEB4200C67E00 /* LoginViewController.swift */,
			);
			path = LoginScreen;
			sourceTree = "<group>";
		};
		3F7F85F92BBDEF0D00C67E00 /* RegisterScreen */ = {
			isa = PBXGroup;
			children = (
				3F7F85E12BBDEB6700C67E00 /* RegisterUserViewController.swift */,
				3F7F85E32BBDEB7600C67E00 /* RegisterUserView.swift */,
			);
			path = RegisterScreen;
			sourceTree = "<group>";
		};
		3F7F85FA2BBDEF1800C67E00 /* ProgressSpinner */ = {
			isa = PBXGroup;
			children = (
				3F7F85F42BBDEEA500C67E00 /* ProgressSpinnerViewController.swift */,
				3F7F85F62BBDEED400C67E00 /* ProgressSpinnerDelegate.swift */,
			);
			path = ProgressSpinner;
			sourceTree = "<group>";
		};
		3F9A1F162BAF5AD200DBE7A7 = {
			isa = PBXGroup;
			children = (
				3F9A1F212BAF5AD200DBE7A7 /* Medlivery */,
				3F9A1F202BAF5AD200DBE7A7 /* Products */,
			);
			sourceTree = "<group>";
		};
		3F9A1F202BAF5AD200DBE7A7 /* Products */ = {
			isa = PBXGroup;
			children = (
				3F9A1F1F2BAF5AD200DBE7A7 /* Medlivery.app */,
			);
			name = Products;
			sourceTree = "<group>";
		};
		3F9A1F212BAF5AD200DBE7A7 /* Medlivery */ = {
			isa = PBXGroup;
			children = (
				EFFCBA352BC9C08200CEB629 /* DataModels */,
				EFFCBA2F2BC5E14B00CEB629 /* UtilityStructs */,
				3F9A1F222BAF5AD200DBE7A7 /* AppDelegate.swift */,
				3F9A1F242BAF5AD200DBE7A7 /* SceneDelegate.swift */,
				3F9A1F282BAF5AD200DBE7A7 /* Main.storyboard */,
				3F9A1F2B2BAF5AD400DBE7A7 /* Assets.xcassets */,
				3F9A1F2D2BAF5AD400DBE7A7 /* LaunchScreen.storyboard */,
				3F9A1F302BAF5AD400DBE7A7 /* Info.plist */,
				3F7F85E52BBDED0600C67E00 /* GoogleService-Info.plist */,
				3F9F7F3F2BC194D800F357BE /* ViewOrder */,
				3F9F7F382BC194BA00F357BE /* Orders */,
				3F9F7F332BC194A700F357BE /* CreateOrder */,
				3F7F85F82BBDEF0300C67E00 /* LoginScreen */,
				3F7F85F92BBDEF0D00C67E00 /* RegisterScreen */,
				3F7F85FA2BBDEF1800C67E00 /* ProgressSpinner */,
				3F56DFFB2BC0D4050083FBB6 /* Utilities.swift */,
				21849B562BC0EC3200509724 /* Map Screen */,
				21849B612BC0EE0700509724 /* Configs.swift */,
				21849B632BC0EE2000509724 /* NotificationNames.swift */,
			);
			path = Medlivery;
			sourceTree = "<group>";
		};
		3F9F7F332BC194A700F357BE /* CreateOrder */ = {
			isa = PBXGroup;
			children = (
				3F9F7F342BC194A700F357BE /* CreateOrderController.swift */,
				3F9F7F352BC194A700F357BE /* CreateOrderView.swift */,
				EFFCBA382BC9F94300CEB629 /* CreateOrderFirebaseManager.swift */,
			);
			path = CreateOrder;
			sourceTree = "<group>";
		};
		3F9F7F382BC194BA00F357BE /* Orders */ = {
			isa = PBXGroup;
			children = (
				3F9F7F392BC194BA00F357BE /* ViewController.swift */,
				3F9F7F3A2BC194BA00F357BE /* OrdersTableViewCell.swift */,
				3F9F7F3B2BC194BA00F357BE /* OrdersListView.swift */,
			);
			name = Orders;
			path = Medlivery/Orders;
			sourceTree = SOURCE_ROOT;
		};
		3F9F7F3F2BC194D800F357BE /* ViewOrder */ = {
			isa = PBXGroup;
			children = (
				3F9F7F402BC194D800F357BE /* OrderDetailsController.swift */,
				3F9F7F412BC194D800F357BE /* OrderDetailsView.swift */,
			);
			path = ViewOrder;
			sourceTree = "<group>";
		};
		EFFCBA2F2BC5E14B00CEB629 /* UtilityStructs */ = {
			isa = PBXGroup;
			children = (
				EFFCBA302BC5E18600CEB629 /* IndividualOrder.swift */,
				EFFCBA322BC612EE00CEB629 /* IndividualOrderDetails.swift */,
				EFFCBA3A2BCA095900CEB629 /* ImageViewUtils.swift */,
			);
			path = UtilityStructs;
			sourceTree = "<group>";
		};
		EFFCBA352BC9C08200CEB629 /* DataModels */ = {
			isa = PBXGroup;
			children = (
				EFFCBA362BC9C0B800CEB629 /* UploadOrder.swift */,
			);
			path = DataModels;
			sourceTree = "<group>";
		};
/* End PBXGroup section */

/* Begin PBXNativeTarget section */
		3F9A1F1E2BAF5AD200DBE7A7 /* Medlivery */ = {
			isa = PBXNativeTarget;
			buildConfigurationList = 3F9A1F332BAF5AD400DBE7A7 /* Build configuration list for PBXNativeTarget "Medlivery" */;
			buildPhases = (
				3F9A1F1B2BAF5AD200DBE7A7 /* Sources */,
				3F9A1F1C2BAF5AD200DBE7A7 /* Frameworks */,
				3F9A1F1D2BAF5AD200DBE7A7 /* Resources */,
			);
			buildRules = (
			);
			dependencies = (
			);
			name = Medlivery;
			packageProductDependencies = (
				3F7F85E82BBDEE1B00C67E00 /* FirebaseAuth */,
				3F7F85EA2BBDEE1B00C67E00 /* FirebaseFirestore */,
				3F7F85EC2BBDEE1B00C67E00 /* FirebaseFirestoreSwift */,
				3F7F85EE2BBDEE1B00C67E00 /* FirebaseInstallations */,
				3F7F85F02BBDEE1B00C67E00 /* FirebaseStorage */,
			);
			productName = Medlivery;
			productReference = 3F9A1F1F2BAF5AD200DBE7A7 /* Medlivery.app */;
			productType = "com.apple.product-type.application";
		};
/* End PBXNativeTarget section */

/* Begin PBXProject section */
		3F9A1F172BAF5AD200DBE7A7 /* Project object */ = {
			isa = PBXProject;
			attributes = {
				BuildIndependentTargetsInParallel = 1;
				LastSwiftUpdateCheck = 1520;
				LastUpgradeCheck = 1520;
				TargetAttributes = {
					3F9A1F1E2BAF5AD200DBE7A7 = {
						CreatedOnToolsVersion = 15.2;
					};
				};
			};
			buildConfigurationList = 3F9A1F1A2BAF5AD200DBE7A7 /* Build configuration list for PBXProject "Medlivery" */;
			compatibilityVersion = "Xcode 14.0";
			developmentRegion = en;
			hasScannedForEncodings = 0;
			knownRegions = (
				en,
				Base,
			);
			mainGroup = 3F9A1F162BAF5AD200DBE7A7;
			packageReferences = (
				3F7F85E72BBDEE1B00C67E00 /* XCRemoteSwiftPackageReference "firebase-ios-sdk" */,
			);
			productRefGroup = 3F9A1F202BAF5AD200DBE7A7 /* Products */;
			projectDirPath = "";
			projectRoot = "";
			targets = (
				3F9A1F1E2BAF5AD200DBE7A7 /* Medlivery */,
			);
		};
/* End PBXProject section */

/* Begin PBXResourcesBuildPhase section */
		3F9A1F1D2BAF5AD200DBE7A7 /* Resources */ = {
			isa = PBXResourcesBuildPhase;
			buildActionMask = 2147483647;
			files = (
				3F9A1F2F2BAF5AD400DBE7A7 /* LaunchScreen.storyboard in Resources */,
				3F7F85E62BBDED0600C67E00 /* GoogleService-Info.plist in Resources */,
				3F9A1F2C2BAF5AD400DBE7A7 /* Assets.xcassets in Resources */,
				3F9A1F2A2BAF5AD200DBE7A7 /* Main.storyboard in Resources */,
			);
			runOnlyForDeploymentPostprocessing = 0;
		};
/* End PBXResourcesBuildPhase section */

/* Begin PBXSourcesBuildPhase section */
		3F9A1F1B2BAF5AD200DBE7A7 /* Sources */ = {
			isa = PBXSourcesBuildPhase;
			buildActionMask = 2147483647;
			files = (
				3F9F7F3C2BC194BA00F357BE /* ViewController.swift in Sources */,
				21849B552BC0EC2700509724 /* MapViewController.swift in Sources */,
				3F9F7F3D2BC194BA00F357BE /* OrdersTableViewCell.swift in Sources */,
				3F7F85DE2BBDEB2200C67E00 /* LoginScreenView.swift in Sources */,
				EFFCBA392BC9F94300CEB629 /* CreateOrderFirebaseManager.swift in Sources */,
				21849B5E2BC0EDB500509724 /* LocationManager.swift in Sources */,
				3F7F85E42BBDEB7600C67E00 /* RegisterUserView.swift in Sources */,
				3F7F85F52BBDEEA500C67E00 /* ProgressSpinnerViewController.swift in Sources */,
				3F9A1F232BAF5AD200DBE7A7 /* AppDelegate.swift in Sources */,
				21849B702BC0EFE000509724 /* SearchTableViewManager.swift in Sources */,
				21849B662BC0EE4300509724 /* LoadPlaces.swift in Sources */,
				21849B5C2BC0ED5A00509724 /* MapView.swift in Sources */,
				3F9F7F432BC194D800F357BE /* OrderDetailsView.swift in Sources */,
				21849B6A2BC0EF6200509724 /* SearchTableViewCell.swift in Sources */,
				EFFCBA372BC9C0B800CEB629 /* UploadOrder.swift in Sources */,
				3F9F7F362BC194A700F357BE /* CreateOrderController.swift in Sources */,
				3F7F85E02BBDEB4200C67E00 /* LoginViewController.swift in Sources */,
				21849B6C2BC0EF8D00509724 /* SearchBottomSheet.swift in Sources */,
				EFFCBA3B2BCA095900CEB629 /* ImageViewUtils.swift in Sources */,
				21849B6E2BC0EFB700509724 /* SearchViewController.swift in Sources */,
				21849B602BC0EDDA00509724 /* MapAnnotationDelegate.swift in Sources */,
				3F7F85E22BBDEB6700C67E00 /* RegisterUserViewController.swift in Sources */,
				21849B622BC0EE0700509724 /* Configs.swift in Sources */,
				21849B642BC0EE2000509724 /* NotificationNames.swift in Sources */,
				21849B582BC0EC8600509724 /* CustomPresentationController.swift in Sources */,
				3F9F7F422BC194D800F357BE /* OrderDetailsController.swift in Sources */,
				3F9F7F372BC194A700F357BE /* CreateOrderView.swift in Sources */,
				3F7F85F72BBDEED400C67E00 /* ProgressSpinnerDelegate.swift in Sources */,
				3F56DFFC2BC0D4050083FBB6 /* Utilities.swift in Sources */,
				3F9A1F252BAF5AD200DBE7A7 /* SceneDelegate.swift in Sources */,
				EFFCBA332BC612EE00CEB629 /* IndividualOrderDetails.swift in Sources */,
				3F9F7F3E2BC194BA00F357BE /* OrdersListView.swift in Sources */,
				21849B682BC0EE7900509724 /* Place.swift in Sources */,
				EFFCBA312BC5E18600CEB629 /* IndividualOrder.swift in Sources */,
			);
			runOnlyForDeploymentPostprocessing = 0;
		};
/* End PBXSourcesBuildPhase section */

/* Begin PBXVariantGroup section */
		3F9A1F282BAF5AD200DBE7A7 /* Main.storyboard */ = {
			isa = PBXVariantGroup;
			children = (
				3F9A1F292BAF5AD200DBE7A7 /* Base */,
			);
			name = Main.storyboard;
			sourceTree = "<group>";
		};
		3F9A1F2D2BAF5AD400DBE7A7 /* LaunchScreen.storyboard */ = {
			isa = PBXVariantGroup;
			children = (
				3F9A1F2E2BAF5AD400DBE7A7 /* Base */,
			);
			name = LaunchScreen.storyboard;
			sourceTree = "<group>";
		};
/* End PBXVariantGroup section */

/* Begin XCBuildConfiguration section */
		3F9A1F312BAF5AD400DBE7A7 /* Debug */ = {
			isa = XCBuildConfiguration;
			buildSettings = {
				ALWAYS_SEARCH_USER_PATHS = NO;
				ASSETCATALOG_COMPILER_GENERATE_SWIFT_ASSET_SYMBOL_EXTENSIONS = YES;
				CLANG_ANALYZER_NONNULL = YES;
				CLANG_ANALYZER_NUMBER_OBJECT_CONVERSION = YES_AGGRESSIVE;
				CLANG_CXX_LANGUAGE_STANDARD = "gnu++20";
				CLANG_ENABLE_MODULES = YES;
				CLANG_ENABLE_OBJC_ARC = YES;
				CLANG_ENABLE_OBJC_WEAK = YES;
				CLANG_WARN_BLOCK_CAPTURE_AUTORELEASING = YES;
				CLANG_WARN_BOOL_CONVERSION = YES;
				CLANG_WARN_COMMA = YES;
				CLANG_WARN_CONSTANT_CONVERSION = YES;
				CLANG_WARN_DEPRECATED_OBJC_IMPLEMENTATIONS = YES;
				CLANG_WARN_DIRECT_OBJC_ISA_USAGE = YES_ERROR;
				CLANG_WARN_DOCUMENTATION_COMMENTS = YES;
				CLANG_WARN_EMPTY_BODY = YES;
				CLANG_WARN_ENUM_CONVERSION = YES;
				CLANG_WARN_INFINITE_RECURSION = YES;
				CLANG_WARN_INT_CONVERSION = YES;
				CLANG_WARN_NON_LITERAL_NULL_CONVERSION = YES;
				CLANG_WARN_OBJC_IMPLICIT_RETAIN_SELF = YES;
				CLANG_WARN_OBJC_LITERAL_CONVERSION = YES;
				CLANG_WARN_OBJC_ROOT_CLASS = YES_ERROR;
				CLANG_WARN_QUOTED_INCLUDE_IN_FRAMEWORK_HEADER = YES;
				CLANG_WARN_RANGE_LOOP_ANALYSIS = YES;
				CLANG_WARN_STRICT_PROTOTYPES = YES;
				CLANG_WARN_SUSPICIOUS_MOVE = YES;
				CLANG_WARN_UNGUARDED_AVAILABILITY = YES_AGGRESSIVE;
				CLANG_WARN_UNREACHABLE_CODE = YES;
				CLANG_WARN__DUPLICATE_METHOD_MATCH = YES;
				COPY_PHASE_STRIP = NO;
				DEBUG_INFORMATION_FORMAT = dwarf;
				ENABLE_STRICT_OBJC_MSGSEND = YES;
				ENABLE_TESTABILITY = YES;
				ENABLE_USER_SCRIPT_SANDBOXING = YES;
				GCC_C_LANGUAGE_STANDARD = gnu17;
				GCC_DYNAMIC_NO_PIC = NO;
				GCC_NO_COMMON_BLOCKS = YES;
				GCC_OPTIMIZATION_LEVEL = 0;
				GCC_PREPROCESSOR_DEFINITIONS = (
					"DEBUG=1",
					"$(inherited)",
				);
				GCC_WARN_64_TO_32_BIT_CONVERSION = YES;
				GCC_WARN_ABOUT_RETURN_TYPE = YES_ERROR;
				GCC_WARN_UNDECLARED_SELECTOR = YES;
				GCC_WARN_UNINITIALIZED_AUTOS = YES_AGGRESSIVE;
				GCC_WARN_UNUSED_FUNCTION = YES;
				GCC_WARN_UNUSED_VARIABLE = YES;
				IPHONEOS_DEPLOYMENT_TARGET = 17.2;
				LOCALIZATION_PREFERS_STRING_CATALOGS = YES;
				MTL_ENABLE_DEBUG_INFO = INCLUDE_SOURCE;
				MTL_FAST_MATH = YES;
				ONLY_ACTIVE_ARCH = YES;
				SDKROOT = iphoneos;
				SWIFT_ACTIVE_COMPILATION_CONDITIONS = "DEBUG $(inherited)";
				SWIFT_OPTIMIZATION_LEVEL = "-Onone";
			};
			name = Debug;
		};
		3F9A1F322BAF5AD400DBE7A7 /* Release */ = {
			isa = XCBuildConfiguration;
			buildSettings = {
				ALWAYS_SEARCH_USER_PATHS = NO;
				ASSETCATALOG_COMPILER_GENERATE_SWIFT_ASSET_SYMBOL_EXTENSIONS = YES;
				CLANG_ANALYZER_NONNULL = YES;
				CLANG_ANALYZER_NUMBER_OBJECT_CONVERSION = YES_AGGRESSIVE;
				CLANG_CXX_LANGUAGE_STANDARD = "gnu++20";
				CLANG_ENABLE_MODULES = YES;
				CLANG_ENABLE_OBJC_ARC = YES;
				CLANG_ENABLE_OBJC_WEAK = YES;
				CLANG_WARN_BLOCK_CAPTURE_AUTORELEASING = YES;
				CLANG_WARN_BOOL_CONVERSION = YES;
				CLANG_WARN_COMMA = YES;
				CLANG_WARN_CONSTANT_CONVERSION = YES;
				CLANG_WARN_DEPRECATED_OBJC_IMPLEMENTATIONS = YES;
				CLANG_WARN_DIRECT_OBJC_ISA_USAGE = YES_ERROR;
				CLANG_WARN_DOCUMENTATION_COMMENTS = YES;
				CLANG_WARN_EMPTY_BODY = YES;
				CLANG_WARN_ENUM_CONVERSION = YES;
				CLANG_WARN_INFINITE_RECURSION = YES;
				CLANG_WARN_INT_CONVERSION = YES;
				CLANG_WARN_NON_LITERAL_NULL_CONVERSION = YES;
				CLANG_WARN_OBJC_IMPLICIT_RETAIN_SELF = YES;
				CLANG_WARN_OBJC_LITERAL_CONVERSION = YES;
				CLANG_WARN_OBJC_ROOT_CLASS = YES_ERROR;
				CLANG_WARN_QUOTED_INCLUDE_IN_FRAMEWORK_HEADER = YES;
				CLANG_WARN_RANGE_LOOP_ANALYSIS = YES;
				CLANG_WARN_STRICT_PROTOTYPES = YES;
				CLANG_WARN_SUSPICIOUS_MOVE = YES;
				CLANG_WARN_UNGUARDED_AVAILABILITY = YES_AGGRESSIVE;
				CLANG_WARN_UNREACHABLE_CODE = YES;
				CLANG_WARN__DUPLICATE_METHOD_MATCH = YES;
				COPY_PHASE_STRIP = NO;
				DEBUG_INFORMATION_FORMAT = "dwarf-with-dsym";
				ENABLE_NS_ASSERTIONS = NO;
				ENABLE_STRICT_OBJC_MSGSEND = YES;
				ENABLE_USER_SCRIPT_SANDBOXING = YES;
				GCC_C_LANGUAGE_STANDARD = gnu17;
				GCC_NO_COMMON_BLOCKS = YES;
				GCC_WARN_64_TO_32_BIT_CONVERSION = YES;
				GCC_WARN_ABOUT_RETURN_TYPE = YES_ERROR;
				GCC_WARN_UNDECLARED_SELECTOR = YES;
				GCC_WARN_UNINITIALIZED_AUTOS = YES_AGGRESSIVE;
				GCC_WARN_UNUSED_FUNCTION = YES;
				GCC_WARN_UNUSED_VARIABLE = YES;
				IPHONEOS_DEPLOYMENT_TARGET = 17.2;
				LOCALIZATION_PREFERS_STRING_CATALOGS = YES;
				MTL_ENABLE_DEBUG_INFO = NO;
				MTL_FAST_MATH = YES;
				SDKROOT = iphoneos;
				SWIFT_COMPILATION_MODE = wholemodule;
				VALIDATE_PRODUCT = YES;
			};
			name = Release;
		};
		3F9A1F342BAF5AD400DBE7A7 /* Debug */ = {
			isa = XCBuildConfiguration;
			buildSettings = {
				ASSETCATALOG_COMPILER_APPICON_NAME = AppIcon;
				ASSETCATALOG_COMPILER_GLOBAL_ACCENT_COLOR_NAME = AccentColor;
				CODE_SIGN_STYLE = Automatic;
				CURRENT_PROJECT_VERSION = 1;
				DEVELOPMENT_TEAM = Z26YT87W36;
				GENERATE_INFOPLIST_FILE = YES;
				INFOPLIST_FILE = Medlivery/Info.plist;
				INFOPLIST_KEY_UIApplicationSupportsIndirectInputEvents = YES;
				INFOPLIST_KEY_UILaunchStoryboardName = LaunchScreen;
				INFOPLIST_KEY_UIMainStoryboardFile = Main;
				INFOPLIST_KEY_UISupportedInterfaceOrientations_iPad = "UIInterfaceOrientationPortrait UIInterfaceOrientationPortraitUpsideDown UIInterfaceOrientationLandscapeLeft UIInterfaceOrientationLandscapeRight";
				INFOPLIST_KEY_UISupportedInterfaceOrientations_iPhone = "UIInterfaceOrientationPortrait UIInterfaceOrientationLandscapeLeft UIInterfaceOrientationLandscapeRight";
				LD_RUNPATH_SEARCH_PATHS = (
					"$(inherited)",
					"@executable_path/Frameworks",
				);
				MARKETING_VERSION = 1.0;
				PRODUCT_BUNDLE_IDENTIFIER = com.nuios.Medlivery;
				PRODUCT_NAME = "$(TARGET_NAME)";
				SWIFT_EMIT_LOC_STRINGS = YES;
				SWIFT_VERSION = 5.0;
				TARGETED_DEVICE_FAMILY = "1,2";
			};
			name = Debug;
		};
		3F9A1F352BAF5AD400DBE7A7 /* Release */ = {
			isa = XCBuildConfiguration;
			buildSettings = {
				ASSETCATALOG_COMPILER_APPICON_NAME = AppIcon;
				ASSETCATALOG_COMPILER_GLOBAL_ACCENT_COLOR_NAME = AccentColor;
				CODE_SIGN_STYLE = Automatic;
				CURRENT_PROJECT_VERSION = 1;
				DEVELOPMENT_TEAM = Z26YT87W36;
				GENERATE_INFOPLIST_FILE = YES;
				INFOPLIST_FILE = Medlivery/Info.plist;
				INFOPLIST_KEY_UIApplicationSupportsIndirectInputEvents = YES;
				INFOPLIST_KEY_UILaunchStoryboardName = LaunchScreen;
				INFOPLIST_KEY_UIMainStoryboardFile = Main;
				INFOPLIST_KEY_UISupportedInterfaceOrientations_iPad = "UIInterfaceOrientationPortrait UIInterfaceOrientationPortraitUpsideDown UIInterfaceOrientationLandscapeLeft UIInterfaceOrientationLandscapeRight";
				INFOPLIST_KEY_UISupportedInterfaceOrientations_iPhone = "UIInterfaceOrientationPortrait UIInterfaceOrientationLandscapeLeft UIInterfaceOrientationLandscapeRight";
				LD_RUNPATH_SEARCH_PATHS = (
					"$(inherited)",
					"@executable_path/Frameworks",
				);
				MARKETING_VERSION = 1.0;
				PRODUCT_BUNDLE_IDENTIFIER = com.nuios.Medlivery;
				PRODUCT_NAME = "$(TARGET_NAME)";
				SWIFT_EMIT_LOC_STRINGS = YES;
				SWIFT_VERSION = 5.0;
				TARGETED_DEVICE_FAMILY = "1,2";
			};
			name = Release;
		};
/* End XCBuildConfiguration section */

/* Begin XCConfigurationList section */
		3F9A1F1A2BAF5AD200DBE7A7 /* Build configuration list for PBXProject "Medlivery" */ = {
			isa = XCConfigurationList;
			buildConfigurations = (
				3F9A1F312BAF5AD400DBE7A7 /* Debug */,
				3F9A1F322BAF5AD400DBE7A7 /* Release */,
			);
			defaultConfigurationIsVisible = 0;
			defaultConfigurationName = Release;
		};
		3F9A1F332BAF5AD400DBE7A7 /* Build configuration list for PBXNativeTarget "Medlivery" */ = {
			isa = XCConfigurationList;
			buildConfigurations = (
				3F9A1F342BAF5AD400DBE7A7 /* Debug */,
				3F9A1F352BAF5AD400DBE7A7 /* Release */,
			);
			defaultConfigurationIsVisible = 0;
			defaultConfigurationName = Release;
		};
/* End XCConfigurationList section */

/* Begin XCRemoteSwiftPackageReference section */
		3F7F85E72BBDEE1B00C67E00 /* XCRemoteSwiftPackageReference "firebase-ios-sdk" */ = {
			isa = XCRemoteSwiftPackageReference;
			repositoryURL = "https://github.com/firebase/firebase-ios-sdk";
			requirement = {
				kind = upToNextMajorVersion;
				minimumVersion = 10.23.1;
			};
		};
/* End XCRemoteSwiftPackageReference section */

/* Begin XCSwiftPackageProductDependency section */
		3F7F85E82BBDEE1B00C67E00 /* FirebaseAuth */ = {
			isa = XCSwiftPackageProductDependency;
			package = 3F7F85E72BBDEE1B00C67E00 /* XCRemoteSwiftPackageReference "firebase-ios-sdk" */;
			productName = FirebaseAuth;
		};
		3F7F85EA2BBDEE1B00C67E00 /* FirebaseFirestore */ = {
			isa = XCSwiftPackageProductDependency;
			package = 3F7F85E72BBDEE1B00C67E00 /* XCRemoteSwiftPackageReference "firebase-ios-sdk" */;
			productName = FirebaseFirestore;
		};
		3F7F85EC2BBDEE1B00C67E00 /* FirebaseFirestoreSwift */ = {
			isa = XCSwiftPackageProductDependency;
			package = 3F7F85E72BBDEE1B00C67E00 /* XCRemoteSwiftPackageReference "firebase-ios-sdk" */;
			productName = FirebaseFirestoreSwift;
		};
		3F7F85EE2BBDEE1B00C67E00 /* FirebaseInstallations */ = {
			isa = XCSwiftPackageProductDependency;
			package = 3F7F85E72BBDEE1B00C67E00 /* XCRemoteSwiftPackageReference "firebase-ios-sdk" */;
			productName = FirebaseInstallations;
		};
		3F7F85F02BBDEE1B00C67E00 /* FirebaseStorage */ = {
			isa = XCSwiftPackageProductDependency;
			package = 3F7F85E72BBDEE1B00C67E00 /* XCRemoteSwiftPackageReference "firebase-ios-sdk" */;
			productName = FirebaseStorage;
		};
/* End XCSwiftPackageProductDependency section */
	};
	rootObject = 3F9A1F172BAF5AD200DBE7A7 /* Project object */;
}
